
Microsoft Visual Studio Solution File, Format Version 12.00
# Visual Studio Version 17
VisualStudioVersion = 17.10.35004.147
MinimumVisualStudioVersion = 10.0.40219.1
Project("{FAE04EC0-301F-11D3-BF4B-00C04F79EFBC}") = "webSVF.Server", "webSVF.Server\webSVF.Server.csproj", "{02197C8F-A018-4897-AE12-7B7B56E95644}"
EndProject
Project("{54A90642-561A-4BB1-A94E-469ADEE60C69}") = "websvf.client", "websvf.client\websvf.client.esproj", "{9301CE47-E6E6-4631-B32F-10DB24CEE24E}"
EndProject
Global
	GlobalSection(SolutionConfigurationPlatforms) = preSolution
		Debug|Any CPU = Debug|Any CPU
		Release|Any CPU = Release|Any CPU
	EndGlobalSection
	GlobalSection(ProjectConfigurationPlatforms) = postSolution
		{02197C8F-A018-4897-AE12-7B7B56E95644}.Debug|Any CPU.ActiveCfg = Debug|Any CPU
		{02197C8F-A018-4897-AE12-7B7B56E95644}.Debug|Any CPU.Build.0 = Debug|Any CPU
		{02197C8F-A018-4897-AE12-7B7B56E95644}.Release|Any CPU.ActiveCfg = Release|Any CPU
		{02197C8F-A018-4897-AE12-7B7B56E95644}.Release|Any CPU.Build.0 = Release|Any CPU
		{9301CE47-E6E6-4631-B32F-10DB24CEE24E}.Debug|Any CPU.ActiveCfg = Debug|Any CPU
		{9301CE47-E6E6-4631-B32F-10DB24CEE24E}.Debug|Any CPU.Build.0 = Debug|Any CPU
		{9301CE47-E6E6-4631-B32F-10DB24CEE24E}.Debug|Any CPU.Deploy.0 = Debug|Any CPU
		{9301CE47-E6E6-4631-B32F-10DB24CEE24E}.Release|Any CPU.ActiveCfg = Release|Any CPU
		{9301CE47-E6E6-4631-B32F-10DB24CEE24E}.Release|Any CPU.Build.0 = Release|Any CPU
		{9301CE47-E6E6-4631-B32F-10DB24CEE24E}.Release|Any CPU.Deploy.0 = Release|Any CPU
	EndGlobalSection
	GlobalSection(SolutionProperties) = preSolution
		HideSolutionNode = FALSE
	EndGlobalSection
	GlobalSection(ExtensibilityGlobals) = postSolution
		SolutionGuid = {F5EDA60C-673C-450F-BC19-C4AED5369912}
	EndGlobalSection
EndGlobal
